
Microsoft Visual Studio Solution File, Format Version 11.00
# Visual Studio 2010
Project("{FAE04EC0-301F-11D3-BF4B-00C04F79EFBC}") = "TFSAutomationRunAgentLib", "TFSAutomationRunAgentLib\TFSAutomationRunAgentLib.csproj", "{3D0BC0F5-19C0-4662-A101-6E6B4D8893FD}"
EndProject
Project("{FAE04EC0-301F-11D3-BF4B-00C04F79EFBC}") = "TFSAutomationRunAgentConsole", "TFSAutomationRunAgentConsole\TFSAutomationRunAgentConsole.csproj", "{9253DD6D-2555-4279-9277-F61D1B9127D7}"
EndProject
Global
	GlobalSection(SolutionConfigurationPlatforms) = preSolution
		Debug|Any CPU = Debug|Any CPU
		Debug|Mixed Platforms = Debug|Mixed Platforms
		Debug|x86 = Debug|x86
		Release|Any CPU = Release|Any CPU
		Release|Mixed Platforms = Release|Mixed Platforms
		Release|x86 = Release|x86
	EndGlobalSection
	GlobalSection(ProjectConfigurationPlatforms) = postSolution
		{3D0BC0F5-19C0-4662-A101-6E6B4D8893FD}.Debug|Any CPU.ActiveCfg = Debug|Any CPU
		{3D0BC0F5-19C0-4662-A101-6E6B4D8893FD}.Debug|Any CPU.Build.0 = Debug|Any CPU
		{3D0BC0F5-19C0-4662-A101-6E6B4D8893FD}.Debug|Mixed Platforms.ActiveCfg = Debug|Any CPU
		{3D0BC0F5-19C0-4662-A101-6E6B4D8893FD}.Debug|Mixed Platforms.Build.0 = Debug|Any CPU
		{3D0BC0F5-19C0-4662-A101-6E6B4D8893FD}.Debug|x86.ActiveCfg = Debug|Any CPU
		{3D0BC0F5-19C0-4662-A101-6E6B4D8893FD}.Release|Any CPU.ActiveCfg = Release|Any CPU
		{3D0BC0F5-19C0-4662-A101-6E6B4D8893FD}.Release|Any CPU.Build.0 = Release|Any CPU
		{3D0BC0F5-19C0-4662-A101-6E6B4D8893FD}.Release|Mixed Platforms.ActiveCfg = Release|Any CPU
		{3D0BC0F5-19C0-4662-A101-6E6B4D8893FD}.Release|Mixed Platforms.Build.0 = Release|Any CPU
		{3D0BC0F5-19C0-4662-A101-6E6B4D8893FD}.Release|x86.ActiveCfg = Release|Any CPU
		{9253DD6D-2555-4279-9277-F61D1B9127D7}.Debug|Any CPU.ActiveCfg = Debug|x86
		{9253DD6D-2555-4279-9277-F61D1B9127D7}.Debug|Mixed Platforms.ActiveCfg = Debug|x86
		{9253DD6D-2555-4279-9277-F61D1B9127D7}.Debug|Mixed Platforms.Build.0 = Debug|x86
		{9253DD6D-2555-4279-9277-F61D1B9127D7}.Debug|x86.ActiveCfg = Debug|x86
		{9253DD6D-2555-4279-9277-F61D1B9127D7}.Debug|x86.Build.0 = Debug|x86
		{9253DD6D-2555-4279-9277-F61D1B9127D7}.Release|Any CPU.ActiveCfg = Release|x86
		{9253DD6D-2555-4279-9277-F61D1B9127D7}.Release|Mixed Platforms.ActiveCfg = Release|x86
		{9253DD6D-2555-4279-9277-F61D1B9127D7}.Release|Mixed Platforms.Build.0 = Release|x86
		{9253DD6D-2555-4279-9277-F61D1B9127D7}.Release|x86.ActiveCfg = Release|x86
		{9253DD6D-2555-4279-9277-F61D1B9127D7}.Release|x86.Build.0 = Release|x86
	EndGlobalSection
	GlobalSection(SolutionProperties) = preSolution
		HideSolutionNode = FALSE
	EndGlobalSection
EndGlobal
